// !$*UTF8*$!
{
	archiveVersion = 1;
	classes = {
	};
	objectVersion = 55;
	objects = {

/* Begin PBXBuildFile section */
		437B77FB2812A2870048DD5A /* Tests_iOS.swift in Sources */ = {isa = PBXBuildFile; fileRef = 437B77FA2812A2870048DD5A /* Tests_iOS.swift */; };
		437B77FD2812A2870048DD5A /* Tests_iOSLaunchTests.swift in Sources */ = {isa = PBXBuildFile; fileRef = 437B77FC2812A2870048DD5A /* Tests_iOSLaunchTests.swift */; };
		437B78072812A2870048DD5A /* Tests_macOS.swift in Sources */ = {isa = PBXBuildFile; fileRef = 437B78062812A2870048DD5A /* Tests_macOS.swift */; };
		437B78092812A2870048DD5A /* Tests_macOSLaunchTests.swift in Sources */ = {isa = PBXBuildFile; fileRef = 437B78082812A2870048DD5A /* Tests_macOSLaunchTests.swift */; };
		437B780A2812A2870048DD5A /* TestApp.swift in Sources */ = {isa = PBXBuildFile; fileRef = 437B77E22812A2870048DD5A /* TestApp.swift */; };
		437B780B2812A2870048DD5A /* TestApp.swift in Sources */ = {isa = PBXBuildFile; fileRef = 437B77E22812A2870048DD5A /* TestApp.swift */; };
		437B780C2812A2870048DD5A /* ContentView.swift in Sources */ = {isa = PBXBuildFile; fileRef = 437B77E32812A2870048DD5A /* ContentView.swift */; };
		437B780D2812A2870048DD5A /* ContentView.swift in Sources */ = {isa = PBXBuildFile; fileRef = 437B77E32812A2870048DD5A /* ContentView.swift */; };
		437B780E2812A2870048DD5A /* Assets.xcassets in Resources */ = {isa = PBXBuildFile; fileRef = 437B77E42812A2870048DD5A /* Assets.xcassets */; };
		437B780F2812A2870048DD5A /* Assets.xcassets in Resources */ = {isa = PBXBuildFile; fileRef = 437B77E42812A2870048DD5A /* Assets.xcassets */; };
		635FAE99B9857FF6BF386E81 /* Pods_Test__macOS_.framework in Frameworks */ = {isa = PBXBuildFile; fileRef = 59E5BD42AE690D35A32B7398 /* Pods_Test__macOS_.framework */; };
		D5CE38411C5D066121F9D345 /* Pods_Test__iOS_.framework in Frameworks */ = {isa = PBXBuildFile; fileRef = 15F3B4A6AE28BBFD52340C46 /* Pods_Test__iOS_.framework */; };
/* End PBXBuildFile section */

/* Begin PBXContainerItemProxy section */
		437B77F72812A2870048DD5A /* PBXContainerItemProxy */ = {
			isa = PBXContainerItemProxy;
			containerPortal = 437B77DD2812A2870048DD5A /* Project object */;
			proxyType = 1;
			remoteGlobalIDString = 437B77E82812A2870048DD5A;
			remoteInfo = "Test (iOS)";
		};
		437B78032812A2870048DD5A /* PBXContainerItemProxy */ = {
			isa = PBXContainerItemProxy;
			containerPortal = 437B77DD2812A2870048DD5A /* Project object */;
			proxyType = 1;
			remoteGlobalIDString = 437B77EE2812A2870048DD5A;
			remoteInfo = "Test (macOS)";
		};
/* End PBXContainerItemProxy section */

/* Begin PBXFileReference section */
		15F3B4A6AE28BBFD52340C46 /* Pods_Test__iOS_.framework */ = {isa = PBXFileReference; explicitFileType = wrapper.framework; includeInIndex = 0; path = Pods_Test__iOS_.framework; sourceTree = BUILT_PRODUCTS_DIR; };
		437B77E22812A2870048DD5A /* TestApp.swift */ = {isa = PBXFileReference; lastKnownFileType = sourcecode.swift; path = TestApp.swift; sourceTree = "<group>"; };
		437B77E32812A2870048DD5A /* ContentView.swift */ = {isa = PBXFileReference; lastKnownFileType = sourcecode.swift; path = ContentView.swift; sourceTree = "<group>"; };
		437B77E42812A2870048DD5A /* Assets.xcassets */ = {isa = PBXFileReference; lastKnownFileType = folder.assetcatalog; path = Assets.xcassets; sourceTree = "<group>"; };
		437B77E92812A2870048DD5A /* Test.app */ = {isa = PBXFileReference; explicitFileType = wrapper.application; includeInIndex = 0; path = Test.app; sourceTree = BUILT_PRODUCTS_DIR; };
		437B77EF2812A2870048DD5A /* Test.app */ = {isa = PBXFileReference; explicitFileType = wrapper.application; includeInIndex = 0; path = Test.app; sourceTree = BUILT_PRODUCTS_DIR; };
		437B77F12812A2870048DD5A /* macOS.entitlements */ = {isa = PBXFileReference; lastKnownFileType = text.plist.entitlements; path = macOS.entitlements; sourceTree = "<group>"; };
		437B77F62812A2870048DD5A /* Tests iOS.xctest */ = {isa = PBXFileReference; explicitFileType = wrapper.cfbundle; includeInIndex = 0; path = "Tests iOS.xctest"; sourceTree = BUILT_PRODUCTS_DIR; };
		437B77FA2812A2870048DD5A /* Tests_iOS.swift */ = {isa = PBXFileReference; lastKnownFileType = sourcecode.swift; path = Tests_iOS.swift; sourceTree = "<group>"; };
		437B77FC2812A2870048DD5A /* Tests_iOSLaunchTests.swift */ = {isa = PBXFileReference; lastKnownFileType = sourcecode.swift; path = Tests_iOSLaunchTests.swift; sourceTree = "<group>"; };
		437B78022812A2870048DD5A /* Tests macOS.xctest */ = {isa = PBXFileReference; explicitFileType = wrapper.cfbundle; includeInIndex = 0; path = "Tests macOS.xctest"; sourceTree = BUILT_PRODUCTS_DIR; };
		437B78062812A2870048DD5A /* Tests_macOS.swift */ = {isa = PBXFileReference; lastKnownFileType = sourcecode.swift; path = Tests_macOS.swift; sourceTree = "<group>"; };
		437B78082812A2870048DD5A /* Tests_macOSLaunchTests.swift */ = {isa = PBXFileReference; lastKnownFileType = sourcecode.swift; path = Tests_macOSLaunchTests.swift; sourceTree = "<group>"; };
		4CB29FAABC0681D12169E443 /* Pods-Test (macOS).debug.xcconfig */ = {isa = PBXFileReference; includeInIndex = 1; lastKnownFileType = text.xcconfig; name = "Pods-Test (macOS).debug.xcconfig"; path = "Target Support Files/Pods-Test (macOS)/Pods-Test (macOS).debug.xcconfig"; sourceTree = "<group>"; };
		52B9FF47A32FDFC66FDA78A5 /* Pods-Test (iOS).release.xcconfig */ = {isa = PBXFileReference; includeInIndex = 1; lastKnownFileType = text.xcconfig; name = "Pods-Test (iOS).release.xcconfig"; path = "Target Support Files/Pods-Test (iOS)/Pods-Test (iOS).release.xcconfig"; sourceTree = "<group>"; };
		59E5BD42AE690D35A32B7398 /* Pods_Test__macOS_.framework */ = {isa = PBXFileReference; explicitFileType = wrapper.framework; includeInIndex = 0; path = Pods_Test__macOS_.framework; sourceTree = BUILT_PRODUCTS_DIR; };
		ECDE33746004AF949D719D8C /* Pods-Test (macOS).release.xcconfig */ = {isa = PBXFileReference; includeInIndex = 1; lastKnownFileType = text.xcconfig; name = "Pods-Test (macOS).release.xcconfig"; path = "Target Support Files/Pods-Test (macOS)/Pods-Test (macOS).release.xcconfig"; sourceTree = "<group>"; };
		F568EF68F04174743F3C57A4 /* Pods-Test (iOS).debug.xcconfig */ = {isa = PBXFileReference; includeInIndex = 1; lastKnownFileType = text.xcconfig; name = "Pods-Test (iOS).debug.xcconfig"; path = "Target Support Files/Pods-Test (iOS)/Pods-Test (iOS).debug.xcconfig"; sourceTree = "<group>"; };
/* End PBXFileReference section */

/* Begin PBXFrameworksBuildPhase section */
		437B77E62812A2870048DD5A /* Frameworks */ = {
			isa = PBXFrameworksBuildPhase;
			buildActionMask = 2147483647;
			files = (
				D5CE38411C5D066121F9D345 /* Pods_Test__iOS_.framework in Frameworks */,
			);
			runOnlyForDeploymentPostprocessing = 0;
		};
		437B77EC2812A2870048DD5A /* Frameworks */ = {
			isa = PBXFrameworksBuildPhase;
			buildActionMask = 2147483647;
			files = (
				635FAE99B9857FF6BF386E81 /* Pods_Test__macOS_.framework in Frameworks */,
			);
			runOnlyForDeploymentPostprocessing = 0;
		};
		437B77F32812A2870048DD5A /* Frameworks */ = {
			isa = PBXFrameworksBuildPhase;
			buildActionMask = 2147483647;
			files = (
			);
			runOnlyForDeploymentPostprocessing = 0;
		};
		437B77FF2812A2870048DD5A /* Frameworks */ = {
			isa = PBXFrameworksBuildPhase;
			buildActionMask = 2147483647;
			files = (
			);
			runOnlyForDeploymentPostprocessing = 0;
		};
/* End PBXFrameworksBuildPhase section */

/* Begin PBXGroup section */
		384532BE0D7C6206B8C9F30A /* Pods */ = {
			isa = PBXGroup;
			children = (
				F568EF68F04174743F3C57A4 /* Pods-Test (iOS).debug.xcconfig */,
				52B9FF47A32FDFC66FDA78A5 /* Pods-Test (iOS).release.xcconfig */,
				4CB29FAABC0681D12169E443 /* Pods-Test (macOS).debug.xcconfig */,
				ECDE33746004AF949D719D8C /* Pods-Test (macOS).release.xcconfig */,
			);
			name = Pods;
			path = Pods;
			sourceTree = "<group>";
		};
		437B77DC2812A2870048DD5A = {
			isa = PBXGroup;
			children = (
				437B77E12812A2870048DD5A /* Shared */,
				437B77F02812A2870048DD5A /* macOS */,
				437B77F92812A2870048DD5A /* Tests iOS */,
				437B78052812A2870048DD5A /* Tests macOS */,
				437B77EA2812A2870048DD5A /* Products */,
				384532BE0D7C6206B8C9F30A /* Pods */,
				C2ED6742016F2464A8E13EA7 /* Frameworks */,
			);
			sourceTree = "<group>";
		};
		437B77E12812A2870048DD5A /* Shared */ = {
			isa = PBXGroup;
			children = (
				437B77E22812A2870048DD5A /* TestApp.swift */,
				437B77E32812A2870048DD5A /* ContentView.swift */,
				437B77E42812A2870048DD5A /* Assets.xcassets */,
			);
			path = Shared;
			sourceTree = "<group>";
		};
		437B77EA2812A2870048DD5A /* Products */ = {
			isa = PBXGroup;
			children = (
				437B77E92812A2870048DD5A /* Test.app */,
				437B77EF2812A2870048DD5A /* Test.app */,
				437B77F62812A2870048DD5A /* Tests iOS.xctest */,
				437B78022812A2870048DD5A /* Tests macOS.xctest */,
			);
			name = Products;
			sourceTree = "<group>";
		};
		437B77F02812A2870048DD5A /* macOS */ = {
			isa = PBXGroup;
			children = (
				437B77F12812A2870048DD5A /* macOS.entitlements */,
			);
			path = macOS;
			sourceTree = "<group>";
		};
		437B77F92812A2870048DD5A /* Tests iOS */ = {
			isa = PBXGroup;
			children = (
				437B77FA2812A2870048DD5A /* Tests_iOS.swift */,
				437B77FC2812A2870048DD5A /* Tests_iOSLaunchTests.swift */,
			);
			path = "Tests iOS";
			sourceTree = "<group>";
		};
		437B78052812A2870048DD5A /* Tests macOS */ = {
			isa = PBXGroup;
			children = (
				437B78062812A2870048DD5A /* Tests_macOS.swift */,
				437B78082812A2870048DD5A /* Tests_macOSLaunchTests.swift */,
			);
			path = "Tests macOS";
			sourceTree = "<group>";
		};
		C2ED6742016F2464A8E13EA7 /* Frameworks */ = {
			isa = PBXGroup;
			children = (
				15F3B4A6AE28BBFD52340C46 /* Pods_Test__iOS_.framework */,
				59E5BD42AE690D35A32B7398 /* Pods_Test__macOS_.framework */,
			);
			name = Frameworks;
			sourceTree = "<group>";
		};
/* End PBXGroup section */

/* Begin PBXNativeTarget section */
		437B77E82812A2870048DD5A /* Test (iOS) */ = {
			isa = PBXNativeTarget;
			buildConfigurationList = 437B78122812A2870048DD5A /* Build configuration list for PBXNativeTarget "Test (iOS)" */;
			buildPhases = (
				4E1DB9573EE89ACF5451EB25 /* [CP] Check Pods Manifest.lock */,
				437B77E52812A2870048DD5A /* Sources */,
				437B77E62812A2870048DD5A /* Frameworks */,
				437B77E72812A2870048DD5A /* Resources */,
			);
			buildRules = (
			);
			dependencies = (
			);
			name = "Test (iOS)";
			productName = "Test (iOS)";
			productReference = 437B77E92812A2870048DD5A /* Test.app */;
			productType = "com.apple.product-type.application";
		};
		437B77EE2812A2870048DD5A /* Test (macOS) */ = {
			isa = PBXNativeTarget;
			buildConfigurationList = 437B78152812A2870048DD5A /* Build configuration list for PBXNativeTarget "Test (macOS)" */;
			buildPhases = (
				F542E4D50EE1B9E34F9FF193 /* [CP] Check Pods Manifest.lock */,
				437B77EB2812A2870048DD5A /* Sources */,
				437B77EC2812A2870048DD5A /* Frameworks */,
				437B77ED2812A2870048DD5A /* Resources */,
			);
			buildRules = (
			);
			dependencies = (
			);
			name = "Test (macOS)";
			productName = "Test (macOS)";
			productReference = 437B77EF2812A2870048DD5A /* Test.app */;
			productType = "com.apple.product-type.application";
		};
		437B77F52812A2870048DD5A /* Tests iOS */ = {
			isa = PBXNativeTarget;
			buildConfigurationList = 437B78182812A2870048DD5A /* Build configuration list for PBXNativeTarget "Tests iOS" */;
			buildPhases = (
				437B77F22812A2870048DD5A /* Sources */,
				437B77F32812A2870048DD5A /* Frameworks */,
				437B77F42812A2870048DD5A /* Resources */,
			);
			buildRules = (
			);
			dependencies = (
				437B77F82812A2870048DD5A /* PBXTargetDependency */,
			);
			name = "Tests iOS";
			productName = "Tests iOS";
			productReference = 437B77F62812A2870048DD5A /* Tests iOS.xctest */;
			productType = "com.apple.product-type.bundle.ui-testing";
		};
		437B78012812A2870048DD5A /* Tests macOS */ = {
			isa = PBXNativeTarget;
			buildConfigurationList = 437B781B2812A2870048DD5A /* Build configuration list for PBXNativeTarget "Tests macOS" */;
			buildPhases = (
				437B77FE2812A2870048DD5A /* Sources */,
				437B77FF2812A2870048DD5A /* Frameworks */,
				437B78002812A2870048DD5A /* Resources */,
			);
			buildRules = (
			);
			dependencies = (
				437B78042812A2870048DD5A /* PBXTargetDependency */,
			);
			name = "Tests macOS";
			productName = "Tests macOS";
			productReference = 437B78022812A2870048DD5A /* Tests macOS.xctest */;
			productType = "com.apple.product-type.bundle.ui-testing";
		};
/* End PBXNativeTarget section */

/* Begin PBXProject section */
		437B77DD2812A2870048DD5A /* Project object */ = {
			isa = PBXProject;
			attributes = {
				BuildIndependentTargetsInParallel = 1;
				LastSwiftUpdateCheck = 1320;
				LastUpgradeCheck = 1320;
				TargetAttributes = {
					437B77E82812A2870048DD5A = {
						CreatedOnToolsVersion = 13.2.1;
					};
					437B77EE2812A2870048DD5A = {
						CreatedOnToolsVersion = 13.2.1;
					};
					437B77F52812A2870048DD5A = {
						CreatedOnToolsVersion = 13.2.1;
						TestTargetID = 437B77E82812A2870048DD5A;
					};
					437B78012812A2870048DD5A = {
						CreatedOnToolsVersion = 13.2.1;
						TestTargetID = 437B77EE2812A2870048DD5A;
					};
				};
			};
			buildConfigurationList = 437B77E02812A2870048DD5A /* Build configuration list for PBXProject "Test" */;
			compatibilityVersion = "Xcode 13.0";
			developmentRegion = en;
			hasScannedForEncodings = 0;
			knownRegions = (
				en,
				Base,
			);
			mainGroup = 437B77DC2812A2870048DD5A;
			productRefGroup = 437B77EA2812A2870048DD5A /* Products */;
			projectDirPath = "";
			projectRoot = "";
			targets = (
				437B77E82812A2870048DD5A /* Test (iOS) */,
				437B77EE2812A2870048DD5A /* Test (macOS) */,
				437B77F52812A2870048DD5A /* Tests iOS */,
				437B78012812A2870048DD5A /* Tests macOS */,
			);
		};
/* End PBXProject section */

/* Begin PBXResourcesBuildPhase section */
		437B77E72812A2870048DD5A /* Resources */ = {
			isa = PBXResourcesBuildPhase;
			buildActionMask = 2147483647;
			files = (
				437B780E2812A2870048DD5A /* Assets.xcassets in Resources */,
			);
			runOnlyForDeploymentPostprocessing = 0;
		};
		437B77ED2812A2870048DD5A /* Resources */ = {
			isa = PBXResourcesBuildPhase;
			buildActionMask = 2147483647;
			files = (
				437B780F2812A2870048DD5A /* Assets.xcassets in Resources */,
			);
			runOnlyForDeploymentPostprocessing = 0;
		};
		437B77F42812A2870048DD5A /* Resources */ = {
			isa = PBXResourcesBuildPhase;
			buildActionMask = 2147483647;
			files = (
			);
			runOnlyForDeploymentPostprocessing = 0;
		};
		437B78002812A2870048DD5A /* Resources */ = {
			isa = PBXResourcesBuildPhase;
			buildActionMask = 2147483647;
			files = (
			);
			runOnlyForDeploymentPostprocessing = 0;
		};
/* End PBXResourcesBuildPhase section */

/* Begin PBXShellScriptBuildPhase section */
		4E1DB9573EE89ACF5451EB25 /* [CP] Check Pods Manifest.lock */ = {
			isa = PBXShellScriptBuildPhase;
			buildActionMask = 2147483647;
			files = (
			);
			inputFileListPaths = (
			);
			inputPaths = (
				"${PODS_PODFILE_DIR_PATH}/Podfile.lock",
				"${PODS_ROOT}/Manifest.lock",
			);
			name = "[CP] Check Pods Manifest.lock";
			outputFileListPaths = (
			);
			outputPaths = (
				"$(DERIVED_FILE_DIR)/Pods-Test (iOS)-checkManifestLockResult.txt",
			);
			runOnlyForDeploymentPostprocessing = 0;
			shellPath = /bin/sh;
			shellScript = "diff \"${PODS_PODFILE_DIR_PATH}/Podfile.lock\" \"${PODS_ROOT}/Manifest.lock\" > /dev/null\nif [ $? != 0 ] ; then\n    # print error to STDERR\n    echo \"error: The sandbox is not in sync with the Podfile.lock. Run 'pod install' or update your CocoaPods installation.\" >&2\n    exit 1\nfi\n# This output is used by Xcode 'outputs' to avoid re-running this script phase.\necho \"SUCCESS\" > \"${SCRIPT_OUTPUT_FILE_0}\"\n";
			showEnvVarsInLog = 0;
		};
		F542E4D50EE1B9E34F9FF193 /* [CP] Check Pods Manifest.lock */ = {
			isa = PBXShellScriptBuildPhase;
			buildActionMask = 2147483647;
			files = (
			);
			inputFileListPaths = (
			);
			inputPaths = (
				"${PODS_PODFILE_DIR_PATH}/Podfile.lock",
				"${PODS_ROOT}/Manifest.lock",
			);
			name = "[CP] Check Pods Manifest.lock";
			outputFileListPaths = (
			);
			outputPaths = (
				"$(DERIVED_FILE_DIR)/Pods-Test (macOS)-checkManifestLockResult.txt",
			);
			runOnlyForDeploymentPostprocessing = 0;
			shellPath = /bin/sh;
			shellScript = "diff \"${PODS_PODFILE_DIR_PATH}/Podfile.lock\" \"${PODS_ROOT}/Manifest.lock\" > /dev/null\nif [ $? != 0 ] ; then\n    # print error to STDERR\n    echo \"error: The sandbox is not in sync with the Podfile.lock. Run 'pod install' or update your CocoaPods installation.\" >&2\n    exit 1\nfi\n# This output is used by Xcode 'outputs' to avoid re-running this script phase.\necho \"SUCCESS\" > \"${SCRIPT_OUTPUT_FILE_0}\"\n";
			showEnvVarsInLog = 0;
		};
/* End PBXShellScriptBuildPhase section */

/* Begin PBXSourcesBuildPhase section */
		437B77E52812A2870048DD5A /* Sources */ = {
			isa = PBXSourcesBuildPhase;
			buildActionMask = 2147483647;
			files = (
				437B780C2812A2870048DD5A /* ContentView.swift in Sources */,
				437B780A2812A2870048DD5A /* TestApp.swift in Sources */,
			);
			runOnlyForDeploymentPostprocessing = 0;
		};
		437B77EB2812A2870048DD5A /* Sources */ = {
			isa = PBXSourcesBuildPhase;
			buildActionMask = 2147483647;
			files = (
				437B780D2812A2870048DD5A /* ContentView.swift in Sources */,
				437B780B2812A2870048DD5A /* TestApp.swift in Sources */,
			);
			runOnlyForDeploymentPostprocessing = 0;
		};
		437B77F22812A2870048DD5A /* Sources */ = {
			isa = PBXSourcesBuildPhase;
			buildActionMask = 2147483647;
			files = (
				437B77FD2812A2870048DD5A /* Tests_iOSLaunchTests.swift in Sources */,
				437B77FB2812A2870048DD5A /* Tests_iOS.swift in Sources */,
			);
			runOnlyForDeploymentPostprocessing = 0;
		};
		437B77FE2812A2870048DD5A /* Sources */ = {
			isa = PBXSourcesBuildPhase;
			buildActionMask = 2147483647;
			files = (
				437B78092812A2870048DD5A /* Tests_macOSLaunchTests.swift in Sources */,
				437B78072812A2870048DD5A /* Tests_macOS.swift in Sources */,
			);
			runOnlyForDeploymentPostprocessing = 0;
		};
/* End PBXSourcesBuildPhase section */

/* Begin PBXTargetDependency section */
		437B77F82812A2870048DD5A /* PBXTargetDependency */ = {
			isa = PBXTargetDependency;
			target = 437B77E82812A2870048DD5A /* Test (iOS) */;
			targetProxy = 437B77F72812A2870048DD5A /* PBXContainerItemProxy */;
		};
		437B78042812A2870048DD5A /* PBXTargetDependency */ = {
			isa = PBXTargetDependency;
			target = 437B77EE2812A2870048DD5A /* Test (macOS) */;
			targetProxy = 437B78032812A2870048DD5A /* PBXContainerItemProxy */;
		};
/* End PBXTargetDependency section */

/* Begin XCBuildConfiguration section */
		437B78102812A2870048DD5A /* Debug */ = {
			isa = XCBuildConfiguration;
			buildSettings = {
				ALWAYS_SEARCH_USER_PATHS = NO;
				CLANG_ANALYZER_NONNULL = YES;
				CLANG_ANALYZER_NUMBER_OBJECT_CONVERSION = YES_AGGRESSIVE;
				CLANG_CXX_LANGUAGE_STANDARD = "gnu++17";
				CLANG_CXX_LIBRARY = "libc++";
				CLANG_ENABLE_MODULES = YES;
				CLANG_ENABLE_OBJC_ARC = YES;
				CLANG_ENABLE_OBJC_WEAK = YES;
				CLANG_WARN_BLOCK_CAPTURE_AUTORELEASING = YES;
				CLANG_WARN_BOOL_CONVERSION = YES;
				CLANG_WARN_COMMA = YES;
				CLANG_WARN_CONSTANT_CONVERSION = YES;
				CLANG_WARN_DEPRECATED_OBJC_IMPLEMENTATIONS = YES;
				CLANG_WARN_DIRECT_OBJC_ISA_USAGE = YES_ERROR;
				CLANG_WARN_DOCUMENTATION_COMMENTS = YES;
				CLANG_WARN_EMPTY_BODY = YES;
				CLANG_WARN_ENUM_CONVERSION = YES;
				CLANG_WARN_INFINITE_RECURSION = YES;
				CLANG_WARN_INT_CONVERSION = YES;
				CLANG_WARN_NON_LITERAL_NULL_CONVERSION = YES;
				CLANG_WARN_OBJC_IMPLICIT_RETAIN_SELF = YES;
				CLANG_WARN_OBJC_LITERAL_CONVERSION = YES;
				CLANG_WARN_OBJC_ROOT_CLASS = YES_ERROR;
				CLANG_WARN_QUOTED_INCLUDE_IN_FRAMEWORK_HEADER = YES;
				CLANG_WARN_RANGE_LOOP_ANALYSIS = YES;
				CLANG_WARN_STRICT_PROTOTYPES = YES;
				CLANG_WARN_SUSPICIOUS_MOVE = YES;
				CLANG_WARN_UNGUARDED_AVAILABILITY = YES_AGGRESSIVE;
				CLANG_WARN_UNREACHABLE_CODE = YES;
				CLANG_WARN__DUPLICATE_METHOD_MATCH = YES;
				COPY_PHASE_STRIP = NO;
				DEBUG_INFORMATION_FORMAT = dwarf;
				ENABLE_STRICT_OBJC_MSGSEND = YES;
				ENABLE_TESTABILITY = YES;
				GCC_C_LANGUAGE_STANDARD = gnu11;
				GCC_DYNAMIC_NO_PIC = NO;
				GCC_NO_COMMON_BLOCKS = YES;
				GCC_OPTIMIZATION_LEVEL = 0;
				GCC_PREPROCESSOR_DEFINITIONS = (
					"DEBUG=1",
					"$(inherited)",
				);
				GCC_WARN_64_TO_32_BIT_CONVERSION = YES;
				GCC_WARN_ABOUT_RETURN_TYPE = YES_ERROR;
				GCC_WARN_UNDECLARED_SELECTOR = YES;
				GCC_WARN_UNINITIALIZED_AUTOS = YES_AGGRESSIVE;
				GCC_WARN_UNUSED_FUNCTION = YES;
				GCC_WARN_UNUSED_VARIABLE = YES;
				MTL_ENABLE_DEBUG_INFO = INCLUDE_SOURCE;
				MTL_FAST_MATH = YES;
				ONLY_ACTIVE_ARCH = YES;
				SWIFT_ACTIVE_COMPILATION_CONDITIONS = DEBUG;
				SWIFT_OPTIMIZATION_LEVEL = "-Onone";
			};
			name = Debug;
		};
		437B78112812A2870048DD5A /* Release */ = {
			isa = XCBuildConfiguration;
			buildSettings = {
				ALWAYS_SEARCH_USER_PATHS = NO;
				CLANG_ANALYZER_NONNULL = YES;
				CLANG_ANALYZER_NUMBER_OBJECT_CONVERSION = YES_AGGRESSIVE;
				CLANG_CXX_LANGUAGE_STANDARD = "gnu++17";
				CLANG_CXX_LIBRARY = "libc++";
				CLANG_ENABLE_MODULES = YES;
				CLANG_ENABLE_OBJC_ARC = YES;
				CLANG_ENABLE_OBJC_WEAK = YES;
				CLANG_WARN_BLOCK_CAPTURE_AUTORELEASING = YES;
				CLANG_WARN_BOOL_CONVERSION = YES;
				CLANG_WARN_COMMA = YES;
				CLANG_WARN_CONSTANT_CONVERSION = YES;
				CLANG_WARN_DEPRECATED_OBJC_IMPLEMENTATIONS = YES;
				CLANG_WARN_DIRECT_OBJC_ISA_USAGE = YES_ERROR;
				CLANG_WARN_DOCUMENTATION_COMMENTS = YES;
				CLANG_WARN_EMPTY_BODY = YES;
				CLANG_WARN_ENUM_CONVERSION = YES;
				CLANG_WARN_INFINITE_RECURSION = YES;
				CLANG_WARN_INT_CONVERSION = YES;
				CLANG_WARN_NON_LITERAL_NULL_CONVERSION = YES;
				CLANG_WARN_OBJC_IMPLICIT_RETAIN_SELF = YES;
				CLANG_WARN_OBJC_LITERAL_CONVERSION = YES;
				CLANG_WARN_OBJC_ROOT_CLASS = YES_ERROR;
				CLANG_WARN_QUOTED_INCLUDE_IN_FRAMEWORK_HEADER = YES;
				CLANG_WARN_RANGE_LOOP_ANALYSIS = YES;
				CLANG_WARN_STRICT_PROTOTYPES = YES;
				CLANG_WARN_SUSPICIOUS_MOVE = YES;
				CLANG_WARN_UNGUARDED_AVAILABILITY = YES_AGGRESSIVE;
				CLANG_WARN_UNREACHABLE_CODE = YES;
				CLANG_WARN__DUPLICATE_METHOD_MATCH = YES;
				COPY_PHASE_STRIP = NO;
				DEBUG_INFORMATION_FORMAT = "dwarf-with-dsym";
				ENABLE_NS_ASSERTIONS = NO;
				ENABLE_STRICT_OBJC_MSGSEND = YES;
				GCC_C_LANGUAGE_STANDARD = gnu11;
				GCC_NO_COMMON_BLOCKS = YES;
				GCC_WARN_64_TO_32_BIT_CONVERSION = YES;
				GCC_WARN_ABOUT_RETURN_TYPE = YES_ERROR;
				GCC_WARN_UNDECLARED_SELECTOR = YES;
				GCC_WARN_UNINITIALIZED_AUTOS = YES_AGGRESSIVE;
				GCC_WARN_UNUSED_FUNCTION = YES;
				GCC_WARN_UNUSED_VARIABLE = YES;
				MTL_ENABLE_DEBUG_INFO = NO;
				MTL_FAST_MATH = YES;
				SWIFT_COMPILATION_MODE = wholemodule;
				SWIFT_OPTIMIZATION_LEVEL = "-O";
			};
			name = Release;
		};
		437B78132812A2870048DD5A /* Debug */ = {
			isa = XCBuildConfiguration;
			baseConfigurationReference = F568EF68F04174743F3C57A4 /* Pods-Test (iOS).debug.xcconfig */;
			buildSettings = {
				ASSETCATALOG_COMPILER_APPICON_NAME = AppIcon;
				ASSETCATALOG_COMPILER_GLOBAL_ACCENT_COLOR_NAME = AccentColor;
				CODE_SIGN_STYLE = Automatic;
				CURRENT_PROJECT_VERSION = 1;
				ENABLE_PREVIEWS = YES;
				GENERATE_INFOPLIST_FILE = YES;
				INFOPLIST_KEY_UIApplicationSceneManifest_Generation = YES;
				INFOPLIST_KEY_UIApplicationSupportsIndirectInputEvents = YES;
				INFOPLIST_KEY_UILaunchScreen_Generation = YES;
				INFOPLIST_KEY_UISupportedInterfaceOrientations_iPad = "UIInterfaceOrientationPortrait UIInterfaceOrientationPortraitUpsideDown UIInterfaceOrientationLandscapeLeft UIInterfaceOrientationLandscapeRight";
				INFOPLIST_KEY_UISupportedInterfaceOrientations_iPhone = "UIInterfaceOrientationPortrait UIInterfaceOrientationLandscapeLeft UIInterfaceOrientationLandscapeRight";
				IPHONEOS_DEPLOYMENT_TARGET = 15.2;
				LD_RUNPATH_SEARCH_PATHS = (
					"$(inherited)",
					"@executable_path/Frameworks",
				);
				MARKETING_VERSION = 1.0;
				PRODUCT_BUNDLE_IDENTIFIER = AppCenter.Test;
				PRODUCT_NAME = Test;
				SDKROOT = iphoneos;
				SWIFT_EMIT_LOC_STRINGS = YES;
				SWIFT_VERSION = 5.0;
				TARGETED_DEVICE_FAMILY = "1,2";
			};
			name = Debug;
		};
		437B78142812A2870048DD5A /* Release */ = {
			isa = XCBuildConfiguration;
			baseConfigurationReference = 52B9FF47A32FDFC66FDA78A5 /* Pods-Test (iOS).release.xcconfig */;
			buildSettings = {
				ASSETCATALOG_COMPILER_APPICON_NAME = AppIcon;
				ASSETCATALOG_COMPILER_GLOBAL_ACCENT_COLOR_NAME = AccentColor;
				CODE_SIGN_STYLE = Automatic;
				CURRENT_PROJECT_VERSION = 1;
				ENABLE_PREVIEWS = YES;
				GENERATE_INFOPLIST_FILE = YES;
				INFOPLIST_KEY_UIApplicationSceneManifest_Generation = YES;
				INFOPLIST_KEY_UIApplicationSupportsIndirectInputEvents = YES;
				INFOPLIST_KEY_UILaunchScreen_Generation = YES;
				INFOPLIST_KEY_UISupportedInterfaceOrientations_iPad = "UIInterfaceOrientationPortrait UIInterfaceOrientationPortraitUpsideDown UIInterfaceOrientationLandscapeLeft UIInterfaceOrientationLandscapeRight";
				INFOPLIST_KEY_UISupportedInterfaceOrientations_iPhone = "UIInterfaceOrientationPortrait UIInterfaceOrientationLandscapeLeft UIInterfaceOrientationLandscapeRight";
				IPHONEOS_DEPLOYMENT_TARGET = 15.2;
				LD_RUNPATH_SEARCH_PATHS = (
					"$(inherited)",
					"@executable_path/Frameworks",
				);
				MARKETING_VERSION = 1.0;
				PRODUCT_BUNDLE_IDENTIFIER = AppCenter.Test;
				PRODUCT_NAME = Test;
				SDKROOT = iphoneos;
				SWIFT_EMIT_LOC_STRINGS = YES;
				SWIFT_VERSION = 5.0;
				TARGETED_DEVICE_FAMILY = "1,2";
				VALIDATE_PRODUCT = YES;
			};
			name = Release;
		};
		437B78162812A2870048DD5A /* Debug */ = {
			isa = XCBuildConfiguration;
			baseConfigurationReference = 4CB29FAABC0681D12169E443 /* Pods-Test (macOS).debug.xcconfig */;
			buildSettings = {
				ASSETCATALOG_COMPILER_APPICON_NAME = AppIcon;
				ASSETCATALOG_COMPILER_GLOBAL_ACCENT_COLOR_NAME = AccentColor;
				CODE_SIGN_ENTITLEMENTS = macOS/macOS.entitlements;
				CODE_SIGN_STYLE = Automatic;
				COMBINE_HIDPI_IMAGES = YES;
				CURRENT_PROJECT_VERSION = 1;
				ENABLE_PREVIEWS = YES;
				GENERATE_INFOPLIST_FILE = YES;
				INFOPLIST_KEY_NSHumanReadableCopyright = "";
				LD_RUNPATH_SEARCH_PATHS = (
					"$(inherited)",
					"@executable_path/../Frameworks",
				);
				MACOSX_DEPLOYMENT_TARGET = 12.1;
				MARKETING_VERSION = 1.0;
				PRODUCT_BUNDLE_IDENTIFIER = AppCenter.Test;
				PRODUCT_NAME = Test;
				SDKROOT = macosx;
				SWIFT_EMIT_LOC_STRINGS = YES;
				SWIFT_VERSION = 5.0;
			};
			name = Debug;
		};
		437B78172812A2870048DD5A /* Release */ = {
			isa = XCBuildConfiguration;
			baseConfigurationReference = ECDE33746004AF949D719D8C /* Pods-Test (macOS).release.xcconfig */;
			buildSettings = {
				ASSETCATALOG_COMPILER_APPICON_NAME = AppIcon;
				ASSETCATALOG_COMPILER_GLOBAL_ACCENT_COLOR_NAME = AccentColor;
				CODE_SIGN_ENTITLEMENTS = macOS/macOS.entitlements;
				CODE_SIGN_STYLE = Automatic;
				COMBINE_HIDPI_IMAGES = YES;
				CURRENT_PROJECT_VERSION = 1;
				ENABLE_PREVIEWS = YES;
				GENERATE_INFOPLIST_FILE = YES;
				INFOPLIST_KEY_NSHumanReadableCopyright = "";
				LD_RUNPATH_SEARCH_PATHS = (
					"$(inherited)",
					"@executable_path/../Frameworks",
				);
				MACOSX_DEPLOYMENT_TARGET = 12.1;
				MARKETING_VERSION = 1.0;
				PRODUCT_BUNDLE_IDENTIFIER = AppCenter.Test;
				PRODUCT_NAME = Test;
				SDKROOT = macosx;
				SWIFT_EMIT_LOC_STRINGS = YES;
				SWIFT_VERSION = 5.0;
			};
			name = Release;
		};
		437B78192812A2870048DD5A /* Debug */ = {
			isa = XCBuildConfiguration;
			buildSettings = {
				ALWAYS_EMBED_SWIFT_STANDARD_LIBRARIES = YES;
				CODE_SIGN_STYLE = Automatic;
				CURRENT_PROJECT_VERSION = 1;
				GENERATE_INFOPLIST_FILE = YES;
				IPHONEOS_DEPLOYMENT_TARGET = 15.2;
				MARKETING_VERSION = 1.0;
				PRODUCT_BUNDLE_IDENTIFIER = "AppCenter.Tests-iOS";
				PRODUCT_NAME = "$(TARGET_NAME)";
				SDKROOT = iphoneos;
				SWIFT_EMIT_LOC_STRINGS = NO;
				SWIFT_VERSION = 5.0;
				TARGETED_DEVICE_FAMILY = "1,2";
				TEST_TARGET_NAME = "Test (iOS)";
			};
			name = Debug;
		};
		437B781A2812A2870048DD5A /* Release */ = {
			isa = XCBuildConfiguration;
			buildSettings = {
				ALWAYS_EMBED_SWIFT_STANDARD_LIBRARIES = YES;
				CODE_SIGN_STYLE = Automatic;
				CURRENT_PROJECT_VERSION = 1;
				GENERATE_INFOPLIST_FILE = YES;
				IPHONEOS_DEPLOYMENT_TARGET = 15.2;
				MARKETING_VERSION = 1.0;
				PRODUCT_BUNDLE_IDENTIFIER = "AppCenter.Tests-iOS";
				PRODUCT_NAME = "$(TARGET_NAME)";
				SDKROOT = iphoneos;
				SWIFT_EMIT_LOC_STRINGS = NO;
				SWIFT_VERSION = 5.0;
				TARGETED_DEVICE_FAMILY = "1,2";
				TEST_TARGET_NAME = "Test (iOS)";
				VALIDATE_PRODUCT = YES;
			};
			name = Release;
		};
		437B781C2812A2870048DD5A /* Debug */ = {
			isa = XCBuildConfiguration;
			buildSettings = {
				ALWAYS_EMBED_SWIFT_STANDARD_LIBRARIES = YES;
				CODE_SIGN_STYLE = Automatic;
				CURRENT_PROJECT_VERSION = 1;
				GENERATE_INFOPLIST_FILE = YES;
				MACOSX_DEPLOYMENT_TARGET = 12.1;
				MARKETING_VERSION = 1.0;
				PRODUCT_BUNDLE_IDENTIFIER = "AppCenter.Tests-macOS";
				PRODUCT_NAME = "$(TARGET_NAME)";
				SDKROOT = macosx;
				SWIFT_EMIT_LOC_STRINGS = NO;
				SWIFT_VERSION = 5.0;
				TEST_TARGET_NAME = "Test (macOS)";
			};
			name = Debug;
		};
		437B781D2812A2870048DD5A /* Release */ = {
			isa = XCBuildConfiguration;
			buildSettings = {
				ALWAYS_EMBED_SWIFT_STANDARD_LIBRARIES = YES;
				CODE_SIGN_STYLE = Automatic;
				CURRENT_PROJECT_VERSION = 1;
				GENERATE_INFOPLIST_FILE = YES;
				MACOSX_DEPLOYMENT_TARGET = 12.1;
				MARKETING_VERSION = 1.0;
				PRODUCT_BUNDLE_IDENTIFIER = "AppCenter.Tests-macOS";
				PRODUCT_NAME = "$(TARGET_NAME)";
				SDKROOT = macosx;
				SWIFT_EMIT_LOC_STRINGS = NO;
				SWIFT_VERSION = 5.0;
				TEST_TARGET_NAME = "Test (macOS)";
			};
			name = Release;
		};
/* End XCBuildConfiguration section */

/* Begin XCConfigurationList section */
		437B77E02812A2870048DD5A /* Build configuration list for PBXProject "Test" */ = {
			isa = XCConfigurationList;
			buildConfigurations = (
				437B78102812A2870048DD5A /* Debug */,
				437B78112812A2870048DD5A /* Release */,
			);
			defaultConfigurationIsVisible = 0;
			defaultConfigurationName = Release;
		};
		437B78122812A2870048DD5A /* Build configuration list for PBXNativeTarget "Test (iOS)" */ = {
			isa = XCConfigurationList;
			buildConfigurations = (
				437B78132812A2870048DD5A /* Debug */,
				437B78142812A2870048DD5A /* Release */,
			);
			defaultConfigurationIsVisible = 0;
			defaultConfigurationName = Release;
		};
		437B78152812A2870048DD5A /* Build configuration list for PBXNativeTarget "Test (macOS)" */ = {
			isa = XCConfigurationList;
			buildConfigurations = (
				437B78162812A2870048DD5A /* Debug */,
				437B78172812A2870048DD5A /* Release */,
			);
			defaultConfigurationIsVisible = 0;
			defaultConfigurationName = Release;
		};
		437B78182812A2870048DD5A /* Build configuration list for PBXNativeTarget "Tests iOS" */ = {
			isa = XCConfigurationList;
			buildConfigurations = (
				437B78192812A2870048DD5A /* Debug */,
				437B781A2812A2870048DD5A /* Release */,
			);
			defaultConfigurationIsVisible = 0;
			defaultConfigurationName = Release;
		};
		437B781B2812A2870048DD5A /* Build configuration list for PBXNativeTarget "Tests macOS" */ = {
			isa = XCConfigurationList;
			buildConfigurations = (
				437B781C2812A2870048DD5A /* Debug */,
				437B781D2812A2870048DD5A /* Release */,
			);
			defaultConfigurationIsVisible = 0;
			defaultConfigurationName = Release;
		};
/* End XCConfigurationList section */
	};
	rootObject = 437B77DD2812A2870048DD5A /* Project object */;
}
